// !$*UTF8*$!
{
	archiveVersion = 1;
	classes = {
	};
	objectVersion = 56;
	objects = {

/* Begin PBXBuildFile section */
		7645C8782940B22B00514668 /* OwnerResponse.swift in Sources */ = {isa = PBXBuildFile; fileRef = 7645C8772940B22B00514668 /* OwnerResponse.swift */; };
		7665278B293F9DD50035683F /* AppDelegate.swift in Sources */ = {isa = PBXBuildFile; fileRef = 7665278A293F9DD50035683F /* AppDelegate.swift */; };
		7665278D293F9DD50035683F /* SceneDelegate.swift in Sources */ = {isa = PBXBuildFile; fileRef = 7665278C293F9DD50035683F /* SceneDelegate.swift */; };
		7665278F293F9DD50035683F /* HomeViewController.swift in Sources */ = {isa = PBXBuildFile; fileRef = 7665278E293F9DD50035683F /* HomeViewController.swift */; };
		76652792293F9DD50035683F /* Main.storyboard in Resources */ = {isa = PBXBuildFile; fileRef = 76652790293F9DD50035683F /* Main.storyboard */; };
		76652794293F9DD80035683F /* Assets.xcassets in Resources */ = {isa = PBXBuildFile; fileRef = 76652793293F9DD80035683F /* Assets.xcassets */; };
		76652797293F9DD80035683F /* LaunchScreen.storyboard in Resources */ = {isa = PBXBuildFile; fileRef = 76652795293F9DD80035683F /* LaunchScreen.storyboard */; };
		766527A5293FA0F50035683F /* TableViewCell.swift in Sources */ = {isa = PBXBuildFile; fileRef = 766527A3293FA0F50035683F /* TableViewCell.swift */; };
		766527A6293FA0F50035683F /* TableViewCell.xib in Resources */ = {isa = PBXBuildFile; fileRef = 766527A4293FA0F50035683F /* TableViewCell.xib */; };
		766527A8293FA4E90035683F /* HomeViewModel.swift in Sources */ = {isa = PBXBuildFile; fileRef = 766527A7293FA4E90035683F /* HomeViewModel.swift */; };
		766527AC293FA8580035683F /* SearchRepositoriesRequest.swift in Sources */ = {isa = PBXBuildFile; fileRef = 766527AB293FA8580035683F /* SearchRepositoriesRequest.swift */; };
		766527AF293FA9110035683F /* GitHubRepository.swift in Sources */ = {isa = PBXBuildFile; fileRef = 766527AE293FA9110035683F /* GitHubRepository.swift */; };
		766527B1293FA9930035683F /* SearchGithubRepositoriesResponse.swift in Sources */ = {isa = PBXBuildFile; fileRef = 766527B0293FA9930035683F /* SearchGithubRepositoriesResponse.swift */; };
		766527B4293FA9F40035683F /* APIService.swift in Sources */ = {isa = PBXBuildFile; fileRef = 766527B3293FA9F40035683F /* APIService.swift */; };
		766527B7293FAACD0035683F /* THLogger in Frameworks */ = {isa = PBXBuildFile; productRef = 766527B6293FAACD0035683F /* THLogger */; };
		766527BB293FB3D50035683F /* HomeViewState.swift in Sources */ = {isa = PBXBuildFile; fileRef = 766527BA293FB3D50035683F /* HomeViewState.swift */; };
		76D9BD9C2940F0D10016F3E9 /* ApiClient in Frameworks */ = {isa = PBXBuildFile; productRef = 76D9BD9B2940F0D10016F3E9 /* ApiClient */; };
		76D9BD9E2940F5360016F3E9 /* TableViewCellState.swift in Sources */ = {isa = PBXBuildFile; fileRef = 76D9BD9D2940F5360016F3E9 /* TableViewCellState.swift */; };
/* End PBXBuildFile section */

/* Begin PBXFileReference section */
		7645C8772940B22B00514668 /* OwnerResponse.swift */ = {isa = PBXFileReference; lastKnownFileType = sourcecode.swift; path = OwnerResponse.swift; sourceTree = "<group>"; };
		76652787293F9DD50035683F /* demo.app */ = {isa = PBXFileReference; explicitFileType = wrapper.application; includeInIndex = 0; path = demo.app; sourceTree = BUILT_PRODUCTS_DIR; };
		7665278A293F9DD50035683F /* AppDelegate.swift */ = {isa = PBXFileReference; lastKnownFileType = sourcecode.swift; path = AppDelegate.swift; sourceTree = "<group>"; };
		7665278C293F9DD50035683F /* SceneDelegate.swift */ = {isa = PBXFileReference; lastKnownFileType = sourcecode.swift; path = SceneDelegate.swift; sourceTree = "<group>"; };
		7665278E293F9DD50035683F /* HomeViewController.swift */ = {isa = PBXFileReference; lastKnownFileType = sourcecode.swift; path = HomeViewController.swift; sourceTree = "<group>"; };
		76652791293F9DD50035683F /* Base */ = {isa = PBXFileReference; lastKnownFileType = file.storyboard; name = Base; path = Base.lproj/Main.storyboard; sourceTree = "<group>"; };
		76652793293F9DD80035683F /* Assets.xcassets */ = {isa = PBXFileReference; lastKnownFileType = folder.assetcatalog; path = Assets.xcassets; sourceTree = "<group>"; };
		76652796293F9DD80035683F /* Base */ = {isa = PBXFileReference; lastKnownFileType = file.storyboard; name = Base; path = Base.lproj/LaunchScreen.storyboard; sourceTree = "<group>"; };
		76652798293F9DD80035683F /* Info.plist */ = {isa = PBXFileReference; lastKnownFileType = text.plist.xml; path = Info.plist; sourceTree = "<group>"; };
		766527A3293FA0F50035683F /* TableViewCell.swift */ = {isa = PBXFileReference; lastKnownFileType = sourcecode.swift; path = TableViewCell.swift; sourceTree = "<group>"; };
		766527A4293FA0F50035683F /* TableViewCell.xib */ = {isa = PBXFileReference; lastKnownFileType = file.xib; path = TableViewCell.xib; sourceTree = "<group>"; };
		766527A7293FA4E90035683F /* HomeViewModel.swift */ = {isa = PBXFileReference; lastKnownFileType = sourcecode.swift; path = HomeViewModel.swift; sourceTree = "<group>"; };
		766527AB293FA8580035683F /* SearchRepositoriesRequest.swift */ = {isa = PBXFileReference; lastKnownFileType = sourcecode.swift; path = SearchRepositoriesRequest.swift; sourceTree = "<group>"; };
		766527AE293FA9110035683F /* GitHubRepository.swift */ = {isa = PBXFileReference; lastKnownFileType = sourcecode.swift; path = GitHubRepository.swift; sourceTree = "<group>"; };
		766527B0293FA9930035683F /* SearchGithubRepositoriesResponse.swift */ = {isa = PBXFileReference; lastKnownFileType = sourcecode.swift; path = SearchGithubRepositoriesResponse.swift; sourceTree = "<group>"; };
		766527B3293FA9F40035683F /* APIService.swift */ = {isa = PBXFileReference; lastKnownFileType = sourcecode.swift; path = APIService.swift; sourceTree = "<group>"; };
		766527BA293FB3D50035683F /* HomeViewState.swift */ = {isa = PBXFileReference; lastKnownFileType = sourcecode.swift; path = HomeViewState.swift; sourceTree = "<group>"; };
		76D9BD9D2940F5360016F3E9 /* TableViewCellState.swift */ = {isa = PBXFileReference; lastKnownFileType = sourcecode.swift; path = TableViewCellState.swift; sourceTree = "<group>"; };
/* End PBXFileReference section */

/* Begin PBXFrameworksBuildPhase section */
		76652784293F9DD50035683F /* Frameworks */ = {
			isa = PBXFrameworksBuildPhase;
			buildActionMask = 2147483647;
			files = (
				76D9BD9C2940F0D10016F3E9 /* ApiClient in Frameworks */,
				766527B7293FAACD0035683F /* THLogger in Frameworks */,
			);
			runOnlyForDeploymentPostprocessing = 0;
		};
/* End PBXFrameworksBuildPhase section */

/* Begin PBXGroup section */
		7665277E293F9DD50035683F = {
			isa = PBXGroup;
			children = (
				76652789293F9DD50035683F /* demo */,
				76652788293F9DD50035683F /* Products */,
			);
			sourceTree = "<group>";
		};
		76652788293F9DD50035683F /* Products */ = {
			isa = PBXGroup;
			children = (
				76652787293F9DD50035683F /* demo.app */,
			);
			name = Products;
			sourceTree = "<group>";
		};
		76652789293F9DD50035683F /* demo */ = {
			isa = PBXGroup;
			children = (
				766527A9293FA8430035683F /* API */,
				7665279F293F9E170035683F /* Screens */,
				7665279E293F9E030035683F /* Resource */,
			);
			path = demo;
			sourceTree = "<group>";
		};
		7665279E293F9E030035683F /* Resource */ = {
			isa = PBXGroup;
			children = (
				7665278A293F9DD50035683F /* AppDelegate.swift */,
				7665278C293F9DD50035683F /* SceneDelegate.swift */,
				76652793293F9DD80035683F /* Assets.xcassets */,
				76652798293F9DD80035683F /* Info.plist */,
				76652790293F9DD50035683F /* Main.storyboard */,
				76652795293F9DD80035683F /* LaunchScreen.storyboard */,
				766527A4293FA0F50035683F /* TableViewCell.xib */,
			);
			path = Resource;
			sourceTree = "<group>";
		};
		7665279F293F9E170035683F /* Screens */ = {
			isa = PBXGroup;
			children = (
				766527B9293FB3C40035683F /* Home */,
			);
			path = Screens;
			sourceTree = "<group>";
		};
		766527A9293FA8430035683F /* API */ = {
			isa = PBXGroup;
			children = (
				766527B2293FA9E60035683F /* APIService */,
				766527AD293FA9040035683F /* Reponse */,
				766527AA293FA8490035683F /* Request */,
			);
			path = API;
			sourceTree = "<group>";
		};
		766527AA293FA8490035683F /* Request */ = {
			isa = PBXGroup;
			children = (
				766527AB293FA8580035683F /* SearchRepositoriesRequest.swift */,
			);
			path = Request;
			sourceTree = "<group>";
		};
		766527AD293FA9040035683F /* Reponse */ = {
			isa = PBXGroup;
			children = (
				766527AE293FA9110035683F /* GitHubRepository.swift */,
				7645C8772940B22B00514668 /* OwnerResponse.swift */,
				766527B0293FA9930035683F /* SearchGithubRepositoriesResponse.swift */,
			);
			path = Reponse;
			sourceTree = "<group>";
		};
		766527B2293FA9E60035683F /* APIService */ = {
			isa = PBXGroup;
			children = (
				766527B3293FA9F40035683F /* APIService.swift */,
			);
			path = APIService;
			sourceTree = "<group>";
		};
		766527B9293FB3C40035683F /* Home */ = {
			isa = PBXGroup;
			children = (
				7665278E293F9DD50035683F /* HomeViewController.swift */,
				766527A7293FA4E90035683F /* HomeViewModel.swift */,
				766527A3293FA0F50035683F /* TableViewCell.swift */,
				766527BA293FB3D50035683F /* HomeViewState.swift */,
				76D9BD9D2940F5360016F3E9 /* TableViewCellState.swift */,
			);
			path = Home;
			sourceTree = "<group>";
		};
/* End PBXGroup section */

/* Begin PBXNativeTarget section */
		76652786293F9DD50035683F /* demo */ = {
			isa = PBXNativeTarget;
			buildConfigurationList = 7665279B293F9DD80035683F /* Build configuration list for PBXNativeTarget "demo" */;
			buildPhases = (
				76652783293F9DD50035683F /* Sources */,
				76652784293F9DD50035683F /* Frameworks */,
				76652785293F9DD50035683F /* Resources */,
			);
			buildRules = (
			);
			dependencies = (
			);
			name = demo;
			packageProductDependencies = (
				766527B6293FAACD0035683F /* THLogger */,
				76D9BD9B2940F0D10016F3E9 /* ApiClient */,
			);
			productName = demo;
			productReference = 76652787293F9DD50035683F /* demo.app */;
			productType = "com.apple.product-type.application";
		};
/* End PBXNativeTarget section */

/* Begin PBXProject section */
		7665277F293F9DD50035683F /* Project object */ = {
			isa = PBXProject;
			attributes = {
				BuildIndependentTargetsInParallel = 1;
				LastSwiftUpdateCheck = 1410;
				LastUpgradeCheck = 1410;
				TargetAttributes = {
					76652786293F9DD50035683F = {
						CreatedOnToolsVersion = 14.1;
					};
				};
			};
			buildConfigurationList = 76652782293F9DD50035683F /* Build configuration list for PBXProject "demo" */;
			compatibilityVersion = "Xcode 14.0";
			developmentRegion = en;
			hasScannedForEncodings = 0;
			knownRegions = (
				en,
				Base,
			);
			mainGroup = 7665277E293F9DD50035683F;
			packageReferences = (
				766527B5293FAACD0035683F /* XCRemoteSwiftPackageReference "THLogger" */,
				76D9BD9A2940F0D10016F3E9 /* XCRemoteSwiftPackageReference "ApiClient" */,
			);
			productRefGroup = 76652788293F9DD50035683F /* Products */;
			projectDirPath = "";
			projectRoot = "";
			targets = (
				76652786293F9DD50035683F /* demo */,
			);
		};
/* End PBXProject section */

/* Begin PBXResourcesBuildPhase section */
		76652785293F9DD50035683F /* Resources */ = {
			isa = PBXResourcesBuildPhase;
			buildActionMask = 2147483647;
			files = (
				76652797293F9DD80035683F /* LaunchScreen.storyboard in Resources */,
				766527A6293FA0F50035683F /* TableViewCell.xib in Resources */,
				76652794293F9DD80035683F /* Assets.xcassets in Resources */,
				76652792293F9DD50035683F /* Main.storyboard in Resources */,
			);
			runOnlyForDeploymentPostprocessing = 0;
		};
/* End PBXResourcesBuildPhase section */

/* Begin PBXSourcesBuildPhase section */
		76652783293F9DD50035683F /* Sources */ = {
			isa = PBXSourcesBuildPhase;
			buildActionMask = 2147483647;
			files = (
				7665278F293F9DD50035683F /* HomeViewController.swift in Sources */,
				766527B1293FA9930035683F /* SearchGithubRepositoriesResponse.swift in Sources */,
				766527AF293FA9110035683F /* GitHubRepository.swift in Sources */,
				766527A5293FA0F50035683F /* TableViewCell.swift in Sources */,
				7645C8782940B22B00514668 /* OwnerResponse.swift in Sources */,
				7665278B293F9DD50035683F /* AppDelegate.swift in Sources */,
				766527A8293FA4E90035683F /* HomeViewModel.swift in Sources */,
				76D9BD9E2940F5360016F3E9 /* TableViewCellState.swift in Sources */,
				7665278D293F9DD50035683F /* SceneDelegate.swift in Sources */,
				766527B4293FA9F40035683F /* APIService.swift in Sources */,
				766527AC293FA8580035683F /* SearchRepositoriesRequest.swift in Sources */,
				766527BB293FB3D50035683F /* HomeViewState.swift in Sources */,
			);
			runOnlyForDeploymentPostprocessing = 0;
		};
/* End PBXSourcesBuildPhase section */

/* Begin PBXVariantGroup section */
		76652790293F9DD50035683F /* Main.storyboard */ = {
			isa = PBXVariantGroup;
			children = (
				76652791293F9DD50035683F /* Base */,
			);
			name = Main.storyboard;
			sourceTree = "<group>";
		};
		76652795293F9DD80035683F /* LaunchScreen.storyboard */ = {
			isa = PBXVariantGroup;
			children = (
				76652796293F9DD80035683F /* Base */,
			);
			name = LaunchScreen.storyboard;
			sourceTree = "<group>";
		};
/* End PBXVariantGroup section */

/* Begin XCBuildConfiguration section */
		76652799293F9DD80035683F /* Debug */ = {
			isa = XCBuildConfiguration;
			buildSettings = {
				ALWAYS_SEARCH_USER_PATHS = NO;
				CLANG_ANALYZER_NONNULL = YES;
				CLANG_ANALYZER_NUMBER_OBJECT_CONVERSION = YES_AGGRESSIVE;
				CLANG_CXX_LANGUAGE_STANDARD = "gnu++20";
				CLANG_ENABLE_MODULES = YES;
				CLANG_ENABLE_OBJC_ARC = YES;
				CLANG_ENABLE_OBJC_WEAK = YES;
				CLANG_WARN_BLOCK_CAPTURE_AUTORELEASING = YES;
				CLANG_WARN_BOOL_CONVERSION = YES;
				CLANG_WARN_COMMA = YES;
				CLANG_WARN_CONSTANT_CONVERSION = YES;
				CLANG_WARN_DEPRECATED_OBJC_IMPLEMENTATIONS = YES;
				CLANG_WARN_DIRECT_OBJC_ISA_USAGE = YES_ERROR;
				CLANG_WARN_DOCUMENTATION_COMMENTS = YES;
				CLANG_WARN_EMPTY_BODY = YES;
				CLANG_WARN_ENUM_CONVERSION = YES;
				CLANG_WARN_INFINITE_RECURSION = YES;
				CLANG_WARN_INT_CONVERSION = YES;
				CLANG_WARN_NON_LITERAL_NULL_CONVERSION = YES;
				CLANG_WARN_OBJC_IMPLICIT_RETAIN_SELF = YES;
				CLANG_WARN_OBJC_LITERAL_CONVERSION = YES;
				CLANG_WARN_OBJC_ROOT_CLASS = YES_ERROR;
				CLANG_WARN_QUOTED_INCLUDE_IN_FRAMEWORK_HEADER = YES;
				CLANG_WARN_RANGE_LOOP_ANALYSIS = YES;
				CLANG_WARN_STRICT_PROTOTYPES = YES;
				CLANG_WARN_SUSPICIOUS_MOVE = YES;
				CLANG_WARN_UNGUARDED_AVAILABILITY = YES_AGGRESSIVE;
				CLANG_WARN_UNREACHABLE_CODE = YES;
				CLANG_WARN__DUPLICATE_METHOD_MATCH = YES;
				COPY_PHASE_STRIP = NO;
				DEBUG_INFORMATION_FORMAT = dwarf;
				ENABLE_STRICT_OBJC_MSGSEND = YES;
				ENABLE_TESTABILITY = YES;
				GCC_C_LANGUAGE_STANDARD = gnu11;
				GCC_DYNAMIC_NO_PIC = NO;
				GCC_NO_COMMON_BLOCKS = YES;
				GCC_OPTIMIZATION_LEVEL = 0;
				GCC_PREPROCESSOR_DEFINITIONS = (
					"DEBUG=1",
					"$(inherited)",
				);
				GCC_WARN_64_TO_32_BIT_CONVERSION = YES;
				GCC_WARN_ABOUT_RETURN_TYPE = YES_ERROR;
				GCC_WARN_UNDECLARED_SELECTOR = YES;
				GCC_WARN_UNINITIALIZED_AUTOS = YES_AGGRESSIVE;
				GCC_WARN_UNUSED_FUNCTION = YES;
				GCC_WARN_UNUSED_VARIABLE = YES;
				IPHONEOS_DEPLOYMENT_TARGET = 15.0;
				MTL_ENABLE_DEBUG_INFO = INCLUDE_SOURCE;
				MTL_FAST_MATH = YES;
				ONLY_ACTIVE_ARCH = YES;
				SDKROOT = iphoneos;
				SWIFT_ACTIVE_COMPILATION_CONDITIONS = DEBUG;
				SWIFT_OPTIMIZATION_LEVEL = "-Onone";
			};
			name = Debug;
		};
		7665279A293F9DD80035683F /* Release */ = {
			isa = XCBuildConfiguration;
			buildSettings = {
				ALWAYS_SEARCH_USER_PATHS = NO;
				CLANG_ANALYZER_NONNULL = YES;
				CLANG_ANALYZER_NUMBER_OBJECT_CONVERSION = YES_AGGRESSIVE;
				CLANG_CXX_LANGUAGE_STANDARD = "gnu++20";
				CLANG_ENABLE_MODULES = YES;
				CLANG_ENABLE_OBJC_ARC = YES;
				CLANG_ENABLE_OBJC_WEAK = YES;
				CLANG_WARN_BLOCK_CAPTURE_AUTORELEASING = YES;
				CLANG_WARN_BOOL_CONVERSION = YES;
				CLANG_WARN_COMMA = YES;
				CLANG_WARN_CONSTANT_CONVERSION = YES;
				CLANG_WARN_DEPRECATED_OBJC_IMPLEMENTATIONS = YES;
				CLANG_WARN_DIRECT_OBJC_ISA_USAGE = YES_ERROR;
				CLANG_WARN_DOCUMENTATION_COMMENTS = YES;
				CLANG_WARN_EMPTY_BODY = YES;
				CLANG_WARN_ENUM_CONVERSION = YES;
				CLANG_WARN_INFINITE_RECURSION = YES;
				CLANG_WARN_INT_CONVERSION = YES;
				CLANG_WARN_NON_LITERAL_NULL_CONVERSION = YES;
				CLANG_WARN_OBJC_IMPLICIT_RETAIN_SELF = YES;
				CLANG_WARN_OBJC_LITERAL_CONVERSION = YES;
				CLANG_WARN_OBJC_ROOT_CLASS = YES_ERROR;
				CLANG_WARN_QUOTED_INCLUDE_IN_FRAMEWORK_HEADER = YES;
				CLANG_WARN_RANGE_LOOP_ANALYSIS = YES;
				CLANG_WARN_STRICT_PROTOTYPES = YES;
				CLANG_WARN_SUSPICIOUS_MOVE = YES;
				CLANG_WARN_UNGUARDED_AVAILABILITY = YES_AGGRESSIVE;
				CLANG_WARN_UNREACHABLE_CODE = YES;
				CLANG_WARN__DUPLICATE_METHOD_MATCH = YES;
				COPY_PHASE_STRIP = NO;
				DEBUG_INFORMATION_FORMAT = "dwarf-with-dsym";
				ENABLE_NS_ASSERTIONS = NO;
				ENABLE_STRICT_OBJC_MSGSEND = YES;
				GCC_C_LANGUAGE_STANDARD = gnu11;
				GCC_NO_COMMON_BLOCKS = YES;
				GCC_WARN_64_TO_32_BIT_CONVERSION = YES;
				GCC_WARN_ABOUT_RETURN_TYPE = YES_ERROR;
				GCC_WARN_UNDECLARED_SELECTOR = YES;
				GCC_WARN_UNINITIALIZED_AUTOS = YES_AGGRESSIVE;
				GCC_WARN_UNUSED_FUNCTION = YES;
				GCC_WARN_UNUSED_VARIABLE = YES;
				IPHONEOS_DEPLOYMENT_TARGET = 15.0;
				MTL_ENABLE_DEBUG_INFO = NO;
				MTL_FAST_MATH = YES;
				SDKROOT = iphoneos;
				SWIFT_COMPILATION_MODE = wholemodule;
				SWIFT_OPTIMIZATION_LEVEL = "-O";
				VALIDATE_PRODUCT = YES;
			};
			name = Release;
		};
		7665279C293F9DD80035683F /* Debug */ = {
			isa = XCBuildConfiguration;
			buildSettings = {
				ASSETCATALOG_COMPILER_APPICON_NAME = AppIcon;
				ASSETCATALOG_COMPILER_GLOBAL_ACCENT_COLOR_NAME = AccentColor;
				CODE_SIGN_STYLE = Automatic;
				CURRENT_PROJECT_VERSION = 1;
				DEVELOPMENT_TEAM = FP5AQZ56FT;
				GENERATE_INFOPLIST_FILE = YES;
				INFOPLIST_FILE = demo/Resource/Info.plist;
				INFOPLIST_KEY_UIApplicationSupportsIndirectInputEvents = YES;
				INFOPLIST_KEY_UILaunchStoryboardName = LaunchScreen;
				INFOPLIST_KEY_UIMainStoryboardFile = Main;
				INFOPLIST_KEY_UISupportedInterfaceOrientations = UIInterfaceOrientationPortrait;
				INFOPLIST_KEY_UISupportedInterfaceOrientations_iPad = "UIInterfaceOrientationLandscapeLeft UIInterfaceOrientationLandscapeRight UIInterfaceOrientationPortrait UIInterfaceOrientationPortraitUpsideDown";
				LD_RUNPATH_SEARCH_PATHS = (
					"$(inherited)",
					"@executable_path/Frameworks",
				);
				MARKETING_VERSION = 1.0;
				PRODUCT_BUNDLE_IDENTIFIER = com.taro.demo;
				PRODUCT_NAME = "$(TARGET_NAME)";
				SUPPORTED_PLATFORMS = "iphoneos iphonesimulator";
				SUPPORTS_MACCATALYST = NO;
				SUPPORTS_MAC_DESIGNED_FOR_IPHONE_IPAD = NO;
				SWIFT_EMIT_LOC_STRINGS = YES;
				SWIFT_VERSION = 5.0;
				TARGETED_DEVICE_FAMILY = 1;
			};
			name = Debug;
		};
		7665279D293F9DD80035683F /* Release */ = {
			isa = XCBuildConfiguration;
			buildSettings = {
				ASSETCATALOG_COMPILER_APPICON_NAME = AppIcon;
				ASSETCATALOG_COMPILER_GLOBAL_ACCENT_COLOR_NAME = AccentColor;
				CODE_SIGN_STYLE = Automatic;
				CURRENT_PROJECT_VERSION = 1;
				DEVELOPMENT_TEAM = FP5AQZ56FT;
				GENERATE_INFOPLIST_FILE = YES;
				INFOPLIST_FILE = demo/Resource/Info.plist;
				INFOPLIST_KEY_UIApplicationSupportsIndirectInputEvents = YES;
				INFOPLIST_KEY_UILaunchStoryboardName = LaunchScreen;
				INFOPLIST_KEY_UIMainStoryboardFile = Main;
				INFOPLIST_KEY_UISupportedInterfaceOrientations = UIInterfaceOrientationPortrait;
				INFOPLIST_KEY_UISupportedInterfaceOrientations_iPad = "UIInterfaceOrientationLandscapeLeft UIInterfaceOrientationLandscapeRight UIInterfaceOrientationPortrait UIInterfaceOrientationPortraitUpsideDown";
				LD_RUNPATH_SEARCH_PATHS = (
					"$(inherited)",
					"@executable_path/Frameworks",
				);
				MARKETING_VERSION = 1.0;
				PRODUCT_BUNDLE_IDENTIFIER = com.taro.demo;
				PRODUCT_NAME = "$(TARGET_NAME)";
				SUPPORTED_PLATFORMS = "iphoneos iphonesimulator";
				SUPPORTS_MACCATALYST = NO;
				SUPPORTS_MAC_DESIGNED_FOR_IPHONE_IPAD = NO;
				SWIFT_EMIT_LOC_STRINGS = YES;
				SWIFT_VERSION = 5.0;
				TARGETED_DEVICE_FAMILY = 1;
			};
			name = Release;
		};
/* End XCBuildConfiguration section */

/* Begin XCConfigurationList section */
		76652782293F9DD50035683F /* Build configuration list for PBXProject "demo" */ = {
			isa = XCConfigurationList;
			buildConfigurations = (
				76652799293F9DD80035683F /* Debug */,
				7665279A293F9DD80035683F /* Release */,
			);
			defaultConfigurationIsVisible = 0;
			defaultConfigurationName = Release;
		};
		7665279B293F9DD80035683F /* Build configuration list for PBXNativeTarget "demo" */ = {
			isa = XCConfigurationList;
			buildConfigurations = (
				7665279C293F9DD80035683F /* Debug */,
				7665279D293F9DD80035683F /* Release */,
			);
			defaultConfigurationIsVisible = 0;
			defaultConfigurationName = Release;
		};
/* End XCConfigurationList section */

/* Begin XCRemoteSwiftPackageReference section */
		766527B5293FAACD0035683F /* XCRemoteSwiftPackageReference "THLogger" */ = {
			isa = XCRemoteSwiftPackageReference;
			repositoryURL = "https://github.com/h-taro/THLogger";
			requirement = {
				kind = upToNextMajorVersion;
				minimumVersion = 0.0.4;
			};
		};
		76D9BD9A2940F0D10016F3E9 /* XCRemoteSwiftPackageReference "ApiClient" */ = {
			isa = XCRemoteSwiftPackageReference;
			repositoryURL = "https://github.com/h-taro/ApiClient";
			requirement = {
				kind = upToNextMajorVersion;
				minimumVersion = 1.0.0;
			};
		};
/* End XCRemoteSwiftPackageReference section */

/* Begin XCSwiftPackageProductDependency section */
		766527B6293FAACD0035683F /* THLogger */ = {
			isa = XCSwiftPackageProductDependency;
			package = 766527B5293FAACD0035683F /* XCRemoteSwiftPackageReference "THLogger" */;
			productName = THLogger;
		};
		76D9BD9B2940F0D10016F3E9 /* ApiClient */ = {
			isa = XCSwiftPackageProductDependency;
			package = 76D9BD9A2940F0D10016F3E9 /* XCRemoteSwiftPackageReference "ApiClient" */;
			productName = ApiClient;
		};
/* End XCSwiftPackageProductDependency section */
	};
	rootObject = 7665277F293F9DD50035683F /* Project object */;
}
