{
  "pins" : [
    {
      "identity" : "apiclient",
      "kind" : "remoteSourceControl",
      "location" : "https://github.com/h-taro/ApiClient",
      "state" : {
        "revision" : "da5f8f4c485cea0bb270b322929df48711857bdd",
        "version" : "1.0.1"
      }
    },
    {
      "identity" : "thlogger",
      "kind" : "remoteSourceControl",
      "location" : "https://github.com/h-taro/THLogger",
      "state" : {
        "revision" : "13acd2ac0bbd0042041f47d6dfff6dd373613655",
        "version" : "0.0.4"
      }
    }
  ],
  "version" : 2
}
